
Microsoft Visual Studio Solution File, Format Version 12.00
Project("{FAE04EC0-301F-11D3-BF4B-00C04F79EFBC}") = "YoutubeToMp3", "YoutubeToMp3\YoutubeToMp3.csproj", "{CBF015CB-0295-4FDB-AB21-1AC82D8A738A}"
EndProject
Global
	GlobalSection(SolutionConfigurationPlatforms) = preSolution
		Debug|Any CPU = Debug|Any CPU
		Release|Any CPU = Release|Any CPU
	EndGlobalSection
	GlobalSection(ProjectConfigurationPlatforms) = postSolution
		{CBF015CB-0295-4FDB-AB21-1AC82D8A738A}.Debug|Any CPU.ActiveCfg = Debug|Any CPU
		{CBF015CB-0295-4FDB-AB21-1AC82D8A738A}.Debug|Any CPU.Build.0 = Debug|Any CPU
		{CBF015CB-0295-4FDB-AB21-1AC82D8A738A}.Release|Any CPU.ActiveCfg = Release|Any CPU
		{CBF015CB-0295-4FDB-AB21-1AC82D8A738A}.Release|Any CPU.Build.0 = Release|Any CPU
	EndGlobalSection
EndGlobal
